
Microsoft Visual Studio Solution File, Format Version 12.00
# Visual Studio Version 16
VisualStudioVersion = 16.0.810.21
MinimumVisualStudioVersion = 10.0.40219.1
Project("{FAE04EC0-301F-11D3-BF4B-00C04F79EFBC}") = "Intex_2", "Intex_2.csproj", "{45644642-9F01-430B-BAFE-472D1C45792D}"
EndProject
Global
	GlobalSection(SolutionConfigurationPlatforms) = preSolution
		Debug|Any CPU = Debug|Any CPU
		Release|Any CPU = Release|Any CPU
	EndGlobalSection
	GlobalSection(ProjectConfigurationPlatforms) = postSolution
		{45644642-9F01-430B-BAFE-472D1C45792D}.Debug|Any CPU.ActiveCfg = Debug|Any CPU
		{45644642-9F01-430B-BAFE-472D1C45792D}.Debug|Any CPU.Build.0 = Debug|Any CPU
		{45644642-9F01-430B-BAFE-472D1C45792D}.Release|Any CPU.ActiveCfg = Release|Any CPU
		{45644642-9F01-430B-BAFE-472D1C45792D}.Release|Any CPU.Build.0 = Release|Any CPU
	EndGlobalSection
	GlobalSection(SolutionProperties) = preSolution
		HideSolutionNode = FALSE
	EndGlobalSection
	GlobalSection(ExtensibilityGlobals) = postSolution
		SolutionGuid = {9B176182-51C0-454F-BA8B-E202A185DD4A}
	EndGlobalSection
EndGlobal
