
Microsoft Visual Studio Solution File, Format Version 12.00
# Visual Studio Version 16
VisualStudioVersion = 16.0.810.21
MinimumVisualStudioVersion = 10.0.40219.1
Project("{FAE04EC0-301F-11D3-BF4B-00C04F79EFBC}") = "Intex_2", "Intex_2.csproj", "{A5D97E75-CDF3-4864-989B-4D0399164E10}"
EndProject
Global
	GlobalSection(SolutionConfigurationPlatforms) = preSolution
		Debug|Any CPU = Debug|Any CPU
		Release|Any CPU = Release|Any CPU
	EndGlobalSection
	GlobalSection(ProjectConfigurationPlatforms) = postSolution
		{A5D97E75-CDF3-4864-989B-4D0399164E10}.Debug|Any CPU.ActiveCfg = Debug|Any CPU
		{A5D97E75-CDF3-4864-989B-4D0399164E10}.Debug|Any CPU.Build.0 = Debug|Any CPU
		{A5D97E75-CDF3-4864-989B-4D0399164E10}.Release|Any CPU.ActiveCfg = Release|Any CPU
		{A5D97E75-CDF3-4864-989B-4D0399164E10}.Release|Any CPU.Build.0 = Release|Any CPU
	EndGlobalSection
	GlobalSection(SolutionProperties) = preSolution
		HideSolutionNode = FALSE
	EndGlobalSection
	GlobalSection(ExtensibilityGlobals) = postSolution
		SolutionGuid = {13AB15A3-2377-4C50-A58B-A93B2A3378D1}
	EndGlobalSection
EndGlobal
